Microsoft Visual Studio Solution File, Format Version 12.00
# Visual Studio Version 17
VisualStudioVersion = 17.5.2.0
MinimumVisualStudioVersion = 10.0.40219.1
Project("{FAE04EC0-301F-11D3-BF4B-00C04F79EFBC}") = "package-dotnet", "package-dotnet\package-dotnet.csproj", "{81B48B63-4329-03ED-B45A-13A759F2FA11}"
EndProject
Global
	GlobalSection(SolutionConfigurationPlatforms) = preSolution
		Debug|Any CPU = Debug|Any CPU
		Release|Any CPU = Release|Any CPU
	EndGlobalSection
	GlobalSection(ProjectConfigurationPlatforms) = postSolution
		{81B48B63-4329-03ED-B45A-13A759F2FA11}.Debug|Any CPU.ActiveCfg = Debug|Any CPU
		{81B48B63-4329-03ED-B45A-13A759F2FA11}.Debug|Any CPU.Build.0 = Debug|Any CPU
		{81B48B63-4329-03ED-B45A-13A759F2FA11}.Release|Any CPU.ActiveCfg = Release|Any CPU
		{81B48B63-4329-03ED-B45A-13A759F2FA11}.Release|Any CPU.Build.0 = Release|Any CPU
	EndGlobalSection
	GlobalSection(SolutionProperties) = preSolution
		HideSolutionNode = FALSE
	EndGlobalSection
	GlobalSection(ExtensibilityGlobals) = postSolution
		SolutionGuid = {0F6A2AE9-66A1-495B-BBDA-1ADF0B8A70D6}
	EndGlobalSection
EndGlobal
